
Microsoft Visual Studio Solution File, Format Version 12.00
# Visual Studio 2012
Project("{8BC9CEB8-8B4A-11D0-8D11-00A0C91BC942}") = "TestTravis", "TestTravis.vcxproj", "{D2E50C75-AAFD-40F4-93B7-ED8CF96E0E84}"
EndProject
Project("{FAE04EC0-301F-11D3-BF4B-00C04F79EFBC}") = "WpfApplication1", "..\WpfApplication1\WpfApplication1.csproj", "{EEA071B7-05EA-46F9-B075-235A680DFFF8}"
EndProject
Global
	GlobalSection(SolutionConfigurationPlatforms) = preSolution
		Debug|Any CPU = Debug|Any CPU
		Debug|Mixed Platforms = Debug|Mixed Platforms
		Debug|Win32 = Debug|Win32
		Debug|x64 = Debug|x64
		Release|Any CPU = Release|Any CPU
		Release|Mixed Platforms = Release|Mixed Platforms
		Release|Win32 = Release|Win32
		Release|x64 = Release|x64
	EndGlobalSection
	GlobalSection(ProjectConfigurationPlatforms) = postSolution
		{D2E50C75-AAFD-40F4-93B7-ED8CF96E0E84}.Debug|Any CPU.ActiveCfg = Debug|Win32
		{D2E50C75-AAFD-40F4-93B7-ED8CF96E0E84}.Debug|Mixed Platforms.ActiveCfg = Debug|Win32
		{D2E50C75-AAFD-40F4-93B7-ED8CF96E0E84}.Debug|Mixed Platforms.Build.0 = Debug|Win32
		{D2E50C75-AAFD-40F4-93B7-ED8CF96E0E84}.Debug|Win32.ActiveCfg = Debug|Win32
		{D2E50C75-AAFD-40F4-93B7-ED8CF96E0E84}.Debug|Win32.Build.0 = Debug|Win32
		{D2E50C75-AAFD-40F4-93B7-ED8CF96E0E84}.Debug|x64.ActiveCfg = Debug|x64
		{D2E50C75-AAFD-40F4-93B7-ED8CF96E0E84}.Debug|x64.Build.0 = Debug|x64
		{D2E50C75-AAFD-40F4-93B7-ED8CF96E0E84}.Release|Any CPU.ActiveCfg = Release|Win32
		{D2E50C75-AAFD-40F4-93B7-ED8CF96E0E84}.Release|Mixed Platforms.ActiveCfg = Release|Win32
		{D2E50C75-AAFD-40F4-93B7-ED8CF96E0E84}.Release|Mixed Platforms.Build.0 = Release|Win32
		{D2E50C75-AAFD-40F4-93B7-ED8CF96E0E84}.Release|Win32.ActiveCfg = Release|Win32
		{D2E50C75-AAFD-40F4-93B7-ED8CF96E0E84}.Release|Win32.Build.0 = Release|Win32
		{D2E50C75-AAFD-40F4-93B7-ED8CF96E0E84}.Release|x64.ActiveCfg = Release|x64
		{D2E50C75-AAFD-40F4-93B7-ED8CF96E0E84}.Release|x64.Build.0 = Release|x64
		{EEA071B7-05EA-46F9-B075-235A680DFFF8}.Debug|Any CPU.ActiveCfg = Debug|Any CPU
		{EEA071B7-05EA-46F9-B075-235A680DFFF8}.Debug|Any CPU.Build.0 = Debug|Any CPU
		{EEA071B7-05EA-46F9-B075-235A680DFFF8}.Debug|Mixed Platforms.ActiveCfg = Debug|Any CPU
		{EEA071B7-05EA-46F9-B075-235A680DFFF8}.Debug|Mixed Platforms.Build.0 = Debug|Any CPU
		{EEA071B7-05EA-46F9-B075-235A680DFFF8}.Debug|Win32.ActiveCfg = Debug|Any CPU
		{EEA071B7-05EA-46F9-B075-235A680DFFF8}.Debug|x64.ActiveCfg = Debug|Any CPU
		{EEA071B7-05EA-46F9-B075-235A680DFFF8}.Release|Any CPU.ActiveCfg = Release|Any CPU
		{EEA071B7-05EA-46F9-B075-235A680DFFF8}.Release|Any CPU.Build.0 = Release|Any CPU
		{EEA071B7-05EA-46F9-B075-235A680DFFF8}.Release|Mixed Platforms.ActiveCfg = Release|Any CPU
		{EEA071B7-05EA-46F9-B075-235A680DFFF8}.Release|Mixed Platforms.Build.0 = Release|Any CPU
		{EEA071B7-05EA-46F9-B075-235A680DFFF8}.Release|Win32.ActiveCfg = Release|Any CPU
		{EEA071B7-05EA-46F9-B075-235A680DFFF8}.Release|x64.ActiveCfg = Release|Any CPU
	EndGlobalSection
	GlobalSection(SolutionProperties) = preSolution
		HideSolutionNode = FALSE
	EndGlobalSection
EndGlobal
