
Microsoft Visual Studio Solution File, Format Version 12.00
# Visual Studio 2012
Project("{8BC9CEB8-8B4A-11D0-8D11-00A0C91BC942}") = "TestTravis", "TestTravis.vcxproj", "{D2E50C75-AAFD-40F4-93B7-ED8CF96E0E84}"
EndProject
Global
	GlobalSection(SolutionConfigurationPlatforms) = preSolution
		Debug|Win32 = Debug|Win32
		Release|Win32 = Release|Win32
	EndGlobalSection
	GlobalSection(ProjectConfigurationPlatforms) = postSolution
		{D2E50C75-AAFD-40F4-93B7-ED8CF96E0E84}.Debug|Win32.ActiveCfg = Debug|Win32
		{D2E50C75-AAFD-40F4-93B7-ED8CF96E0E84}.Debug|Win32.Build.0 = Debug|Win32
		{D2E50C75-AAFD-40F4-93B7-ED8CF96E0E84}.Release|Win32.ActiveCfg = Release|Win32
		{D2E50C75-AAFD-40F4-93B7-ED8CF96E0E84}.Release|Win32.Build.0 = Release|Win32
	EndGlobalSection
	GlobalSection(SolutionProperties) = preSolution
		HideSolutionNode = FALSE
	EndGlobalSection
EndGlobal
